{
    "version": 3,
    "terraform_version": "0.11.13",
    "serial": 6,
    "lineage": "fe9084f1-ff8a-c9ac-8fc0-b236e7dda482",
    "modules": [
        {
            "path": [
                "root"
            ],
            "outputs": {},
            "resources": {
                "aws_iam_group.Developer": {
                    "type": "aws_iam_group",
                    "depends_on": [],
                    "primary": {
                        "id": "Developer",
                        "attributes": {
                            "arn": "arn:aws:iam::599791807862:group/users/Developer",
                            "id": "Developer",
                            "name": "Developer",
                            "path": "/users/",
                            "unique_id": "AGPAYXJTAVV3OJKMAJCGV"
                        },
                        "meta": {},
                        "tainted": false
                    },
                    "deposed": [],
                    "provider": "provider.aws"
                },
                "aws_iam_group.Management": {
                    "type": "aws_iam_group",
                    "depends_on": [],
                    "primary": {
                        "id": "Management",
                        "attributes": {
                            "arn": "arn:aws:iam::599791807862:group/users/Management",
                            "id": "Management",
                            "name": "Management",
                            "path": "/users/",
                            "unique_id": "AGPAYXJTAVV3CZUK6SP6I"
                        },
                        "meta": {},
                        "tainted": false
                    },
                    "deposed": [],
                    "provider": "provider.aws"
                },
                "aws_iam_group_membership.Developer": {
                    "type": "aws_iam_group_membership",
                    "depends_on": [
                        "aws_iam_group.Developer",
                        "aws_iam_user.Ben",
                        "aws_iam_user.Bob",
                        "aws_iam_user.Tim"
                    ],
                    "primary": {
                        "id": "Developer",
                        "attributes": {
                            "group": "Developer",
                            "id": "Developer",
                            "name": "Developer",
                            "users.#": "3",
                            "users.1054823169": "Ben",
                            "users.331911797": "Tim",
                            "users.3448174496": "Bob"
                        },
                        "meta": {},
                        "tainted": false
                    },
                    "deposed": [],
                    "provider": "provider.aws"
                },
                "aws_iam_group_membership.Management": {
                    "type": "aws_iam_group_membership",
                    "depends_on": [
                        "aws_iam_group.Management",
                        "aws_iam_user.Ben"
                    ],
                    "primary": {
                        "id": "Management",
                        "attributes": {
                            "group": "Management",
                            "id": "Management",
                            "name": "Management",
                            "users.#": "1",
                            "users.1054823169": "Ben"
                        },
                        "meta": {},
                        "tainted": false
                    },
                    "deposed": [],
                    "provider": "provider.aws"
                },
                "aws_iam_user.Ben": {
                    "type": "aws_iam_user",
                    "depends_on": [],
                    "primary": {
                        "id": "Ben",
                        "attributes": {
                            "arn": "arn:aws:iam::599791807862:user/Ben",
                            "force_destroy": "false",
                            "id": "Ben",
                            "name": "Ben",
                            "path": "/",
                            "tags.%": "0",
                            "unique_id": "AIDAYXJTAVV3BLJG4EO42"
                        },
                        "meta": {},
                        "tainted": false
                    },
                    "deposed": [],
                    "provider": "provider.aws"
                },
                "aws_iam_user.Bob": {
                    "type": "aws_iam_user",
                    "depends_on": [],
                    "primary": {
                        "id": "Bob",
                        "attributes": {
                            "arn": "arn:aws:iam::599791807862:user/Bob",
                            "force_destroy": "false",
                            "id": "Bob",
                            "name": "Bob",
                            "path": "/",
                            "tags.%": "0",
                            "unique_id": "AIDAYXJTAVV3KSI3FUVLU"
                        },
                        "meta": {},
                        "tainted": false
                    },
                    "deposed": [],
                    "provider": "provider.aws"
                },
                "aws_iam_user.Tim": {
                    "type": "aws_iam_user",
                    "depends_on": [],
                    "primary": {
                        "id": "Tim",
                        "attributes": {
                            "arn": "arn:aws:iam::599791807862:user/Tim",
                            "force_destroy": "false",
                            "id": "Tim",
                            "name": "Tim",
                            "path": "/",
                            "tags.%": "0",
                            "unique_id": "AIDAYXJTAVV3GOXRUSBP2"
                        },
                        "meta": {},
                        "tainted": false
                    },
                    "deposed": [],
                    "provider": "provider.aws"
                },
                "aws_s3_bucket.bucket": {
                    "type": "aws_s3_bucket",
                    "depends_on": [],
                    "primary": {
                        "id": "gheorgherodideal.com",
                        "attributes": {
                            "acceleration_status": "",
                            "acl": "private",
                            "arn": "arn:aws:s3:::gheorgherodideal.com",
                            "bucket": "gheorgherodideal.com",
                            "bucket_domain_name": "gheorgherodideal.com.s3.amazonaws.com",
                            "bucket_regional_domain_name": "gheorgherodideal.com.s3.amazonaws.com",
                            "cors_rule.#": "0",
                            "force_destroy": "false",
                            "grant.#": "0",
                            "hosted_zone_id": "Z3AQBSTGFYJSTF",
                            "id": "gheorgherodideal.com",
                            "lifecycle_rule.#": "0",
                            "logging.#": "0",
                            "object_lock_configuration.#": "0",
                            "region": "us-east-1",
                            "replication_configuration.#": "0",
                            "request_payer": "BucketOwner",
                            "server_side_encryption_configuration.#": "0",
                            "tags.%": "2",
                            "tags.Environment": "Dev",
                            "tags.Name": "My bucket",
                            "versioning.#": "1",
                            "versioning.0.enabled": "false",
                            "versioning.0.mfa_delete": "false",
                            "website.#": "0"
                        },
                        "meta": {},
                        "tainted": false
                    },
                    "deposed": [],
                    "provider": "provider.aws"
                }
            },
            "depends_on": []
        }
    ]
}
